
Microsoft Visual Studio Solution File, Format Version 11.00
# Visual Studio 2010
Project("{FAE04EC0-301F-11D3-BF4B-00C04F79EFBC}") = "Daniel15.MySpaceExport", "Daniel15.MySpaceExport.csproj", "{920B3FF5-C72C-413C-AC72-2C2C72895D74}"
EndProject
Global
	GlobalSection(SolutionConfigurationPlatforms) = preSolution
		Debug|x86 = Debug|x86
		Release|x86 = Release|x86
	EndGlobalSection
	GlobalSection(ProjectConfigurationPlatforms) = postSolution
		{920B3FF5-C72C-413C-AC72-2C2C72895D74}.Debug|x86.ActiveCfg = Debug|x86
		{920B3FF5-C72C-413C-AC72-2C2C72895D74}.Debug|x86.Build.0 = Debug|x86
		{920B3FF5-C72C-413C-AC72-2C2C72895D74}.Release|x86.ActiveCfg = Release|x86
		{920B3FF5-C72C-413C-AC72-2C2C72895D74}.Release|x86.Build.0 = Release|x86
	EndGlobalSection
	GlobalSection(SolutionProperties) = preSolution
		HideSolutionNode = FALSE
	EndGlobalSection
EndGlobal
